// !$*UTF8*$!
{
	archiveVersion = 1;
	classes = {
	};
	objectVersion = 46;
	objects = {

/* Begin PBXBuildFile section */
		3D8598381F30D8B500A9BE3F /* scene.scn in Resources */ = {isa = PBXBuildFile; fileRef = 3D8598371F30D8B500A9BE3F /* scene.scn */; };
		3D912BBB1F2F6422009757D8 /* AppDelegate.swift in Sources */ = {isa = PBXBuildFile; fileRef = 3D912BBA1F2F6422009757D8 /* AppDelegate.swift */; };
		3D912BBD1F2F6422009757D8 /* ViewController.swift in Sources */ = {isa = PBXBuildFile; fileRef = 3D912BBC1F2F6422009757D8 /* ViewController.swift */; };
		3D912BC01F2F6422009757D8 /* Main.storyboard in Resources */ = {isa = PBXBuildFile; fileRef = 3D912BBE1F2F6422009757D8 /* Main.storyboard */; };
		3D912BC21F2F6422009757D8 /* Assets.xcassets in Resources */ = {isa = PBXBuildFile; fileRef = 3D912BC11F2F6422009757D8 /* Assets.xcassets */; };
		3D912BC51F2F6422009757D8 /* LaunchScreen.storyboard in Resources */ = {isa = PBXBuildFile; fileRef = 3D912BC31F2F6422009757D8 /* LaunchScreen.storyboard */; };
		3D912BCA1F2F6422009757D8 /* WCLive WatchKit App.app in Embed Watch Content */ = {isa = PBXBuildFile; fileRef = 3D912BC91F2F6422009757D8 /* WCLive WatchKit App.app */; };
		3D912BD01F2F6422009757D8 /* Interface.storyboard in Resources */ = {isa = PBXBuildFile; fileRef = 3D912BCE1F2F6422009757D8 /* Interface.storyboard */; };
		3D912BD21F2F6422009757D8 /* Assets.xcassets in Resources */ = {isa = PBXBuildFile; fileRef = 3D912BD11F2F6422009757D8 /* Assets.xcassets */; };
		3D912BD91F2F6422009757D8 /* WCLive WatchKit Extension.appex in Embed App Extensions */ = {isa = PBXBuildFile; fileRef = 3D912BD81F2F6422009757D8 /* WCLive WatchKit Extension.appex */; settings = {ATTRIBUTES = (RemoveHeadersOnCopy, ); }; };
		3D912BDE1F2F6422009757D8 /* InterfaceController.swift in Sources */ = {isa = PBXBuildFile; fileRef = 3D912BDD1F2F6422009757D8 /* InterfaceController.swift */; };
		3D912BE01F2F6422009757D8 /* ExtensionDelegate.swift in Sources */ = {isa = PBXBuildFile; fileRef = 3D912BDF1F2F6422009757D8 /* ExtensionDelegate.swift */; };
		3D912BE21F2F6422009757D8 /* ComplicationController.swift in Sources */ = {isa = PBXBuildFile; fileRef = 3D912BE11F2F6422009757D8 /* ComplicationController.swift */; };
		3D912BE41F2F6422009757D8 /* Assets.xcassets in Resources */ = {isa = PBXBuildFile; fileRef = 3D912BE31F2F6422009757D8 /* Assets.xcassets */; };
/* End PBXBuildFile section */

/* Begin PBXContainerItemProxy section */
		3D912BCB1F2F6422009757D8 /* PBXContainerItemProxy */ = {
			isa = PBXContainerItemProxy;
			containerPortal = 3D912BAF1F2F6422009757D8 /* Project object */;
			proxyType = 1;
			remoteGlobalIDString = 3D912BC81F2F6422009757D8;
			remoteInfo = "WCLive WatchKit App";
		};
		3D912BDA1F2F6422009757D8 /* PBXContainerItemProxy */ = {
			isa = PBXContainerItemProxy;
			containerPortal = 3D912BAF1F2F6422009757D8 /* Project object */;
			proxyType = 1;
			remoteGlobalIDString = 3D912BD71F2F6422009757D8;
			remoteInfo = "WCLive WatchKit Extension";
		};
/* End PBXContainerItemProxy section */

/* Begin PBXCopyFilesBuildPhase section */
		3D912BEB1F2F6422009757D8 /* Embed App Extensions */ = {
			isa = PBXCopyFilesBuildPhase;
			buildActionMask = 2147483647;
			dstPath = "";
			dstSubfolderSpec = 13;
			files = (
				3D912BD91F2F6422009757D8 /* WCLive WatchKit Extension.appex in Embed App Extensions */,
			);
			name = "Embed App Extensions";
			runOnlyForDeploymentPostprocessing = 0;
		};
		3D912BEF1F2F6422009757D8 /* Embed Watch Content */ = {
			isa = PBXCopyFilesBuildPhase;
			buildActionMask = 2147483647;
			dstPath = "$(CONTENTS_FOLDER_PATH)/Watch";
			dstSubfolderSpec = 16;
			files = (
				3D912BCA1F2F6422009757D8 /* WCLive WatchKit App.app in Embed Watch Content */,
			);
			name = "Embed Watch Content";
			runOnlyForDeploymentPostprocessing = 0;
		};
/* End PBXCopyFilesBuildPhase section */

/* Begin PBXFileReference section */
		3D427F931F2FCFFC004BE95A /* README.md */ = {isa = PBXFileReference; lastKnownFileType = net.daringfireball.markdown; path = README.md; sourceTree = "<group>"; };
		3D8598371F30D8B500A9BE3F /* scene.scn */ = {isa = PBXFileReference; lastKnownFileType = file.bplist; path = scene.scn; sourceTree = "<group>"; };
		3D912BB71F2F6422009757D8 /* WCLive.app */ = {isa = PBXFileReference; explicitFileType = wrapper.application; includeInIndex = 0; path = WCLive.app; sourceTree = BUILT_PRODUCTS_DIR; };
		3D912BBA1F2F6422009757D8 /* AppDelegate.swift */ = {isa = PBXFileReference; lastKnownFileType = sourcecode.swift; path = AppDelegate.swift; sourceTree = "<group>"; };
		3D912BBC1F2F6422009757D8 /* ViewController.swift */ = {isa = PBXFileReference; lastKnownFileType = sourcecode.swift; path = ViewController.swift; sourceTree = "<group>"; };
		3D912BBF1F2F6422009757D8 /* Base */ = {isa = PBXFileReference; lastKnownFileType = file.storyboard; name = Base; path = Base.lproj/Main.storyboard; sourceTree = "<group>"; };
		3D912BC11F2F6422009757D8 /* Assets.xcassets */ = {isa = PBXFileReference; lastKnownFileType = folder.assetcatalog; path = Assets.xcassets; sourceTree = "<group>"; };
		3D912BC41F2F6422009757D8 /* Base */ = {isa = PBXFileReference; lastKnownFileType = file.storyboard; name = Base; path = Base.lproj/LaunchScreen.storyboard; sourceTree = "<group>"; };
		3D912BC61F2F6422009757D8 /* Info.plist */ = {isa = PBXFileReference; lastKnownFileType = text.plist.xml; path = Info.plist; sourceTree = "<group>"; };
		3D912BC91F2F6422009757D8 /* WCLive WatchKit App.app */ = {isa = PBXFileReference; explicitFileType = wrapper.application; includeInIndex = 0; path = "WCLive WatchKit App.app"; sourceTree = BUILT_PRODUCTS_DIR; };
		3D912BCF1F2F6422009757D8 /* Base */ = {isa = PBXFileReference; lastKnownFileType = file.storyboard; name = Base; path = Base.lproj/Interface.storyboard; sourceTree = "<group>"; };
		3D912BD11F2F6422009757D8 /* Assets.xcassets */ = {isa = PBXFileReference; lastKnownFileType = folder.assetcatalog; path = Assets.xcassets; sourceTree = "<group>"; };
		3D912BD31F2F6422009757D8 /* Info.plist */ = {isa = PBXFileReference; lastKnownFileType = text.plist.xml; path = Info.plist; sourceTree = "<group>"; };
		3D912BD81F2F6422009757D8 /* WCLive WatchKit Extension.appex */ = {isa = PBXFileReference; explicitFileType = "wrapper.app-extension"; includeInIndex = 0; path = "WCLive WatchKit Extension.appex"; sourceTree = BUILT_PRODUCTS_DIR; };
		3D912BDD1F2F6422009757D8 /* InterfaceController.swift */ = {isa = PBXFileReference; lastKnownFileType = sourcecode.swift; path = InterfaceController.swift; sourceTree = "<group>"; };
		3D912BDF1F2F6422009757D8 /* ExtensionDelegate.swift */ = {isa = PBXFileReference; lastKnownFileType = sourcecode.swift; path = ExtensionDelegate.swift; sourceTree = "<group>"; };
		3D912BE11F2F6422009757D8 /* ComplicationController.swift */ = {isa = PBXFileReference; lastKnownFileType = sourcecode.swift; path = ComplicationController.swift; sourceTree = "<group>"; };
		3D912BE31F2F6422009757D8 /* Assets.xcassets */ = {isa = PBXFileReference; lastKnownFileType = folder.assetcatalog; path = Assets.xcassets; sourceTree = "<group>"; };
		3D912BE51F2F6422009757D8 /* Info.plist */ = {isa = PBXFileReference; lastKnownFileType = text.plist.xml; path = Info.plist; sourceTree = "<group>"; };
/* End PBXFileReference section */

/* Begin PBXFrameworksBuildPhase section */
		3D912BB41F2F6422009757D8 /* Frameworks */ = {
			isa = PBXFrameworksBuildPhase;
			buildActionMask = 2147483647;
			files = (
			);
			runOnlyForDeploymentPostprocessing = 0;
		};
		3D912BD51F2F6422009757D8 /* Frameworks */ = {
			isa = PBXFrameworksBuildPhase;
			buildActionMask = 2147483647;
			files = (
			);
			runOnlyForDeploymentPostprocessing = 0;
		};
/* End PBXFrameworksBuildPhase section */

/* Begin PBXGroup section */
		3D912BAE1F2F6422009757D8 = {
			isa = PBXGroup;
			children = (
				3D427F931F2FCFFC004BE95A /* README.md */,
				3D912BB91F2F6422009757D8 /* WCLive */,
				3D912BCD1F2F6422009757D8 /* WCLive WatchKit App */,
				3D912BDC1F2F6422009757D8 /* WCLive WatchKit Extension */,
				3D912BB81F2F6422009757D8 /* Products */,
			);
			sourceTree = "<group>";
		};
		3D912BB81F2F6422009757D8 /* Products */ = {
			isa = PBXGroup;
			children = (
				3D912BB71F2F6422009757D8 /* WCLive.app */,
				3D912BC91F2F6422009757D8 /* WCLive WatchKit App.app */,
				3D912BD81F2F6422009757D8 /* WCLive WatchKit Extension.appex */,
			);
			name = Products;
			sourceTree = "<group>";
		};
		3D912BB91F2F6422009757D8 /* WCLive */ = {
			isa = PBXGroup;
			children = (
				3D912BBA1F2F6422009757D8 /* AppDelegate.swift */,
				3D912BBC1F2F6422009757D8 /* ViewController.swift */,
				3D912BBE1F2F6422009757D8 /* Main.storyboard */,
				3D912BC11F2F6422009757D8 /* Assets.xcassets */,
				3D912BC31F2F6422009757D8 /* LaunchScreen.storyboard */,
				3D912BC61F2F6422009757D8 /* Info.plist */,
				3D8598371F30D8B500A9BE3F /* scene.scn */,
			);
			path = WCLive;
			sourceTree = "<group>";
		};
		3D912BCD1F2F6422009757D8 /* WCLive WatchKit App */ = {
			isa = PBXGroup;
			children = (
				3D912BCE1F2F6422009757D8 /* Interface.storyboard */,
				3D912BD11F2F6422009757D8 /* Assets.xcassets */,
				3D912BD31F2F6422009757D8 /* Info.plist */,
			);
			path = "WCLive WatchKit App";
			sourceTree = "<group>";
		};
		3D912BDC1F2F6422009757D8 /* WCLive WatchKit Extension */ = {
			isa = PBXGroup;
			children = (
				3D912BDD1F2F6422009757D8 /* InterfaceController.swift */,
				3D912BDF1F2F6422009757D8 /* ExtensionDelegate.swift */,
				3D912BE11F2F6422009757D8 /* ComplicationController.swift */,
				3D912BE31F2F6422009757D8 /* Assets.xcassets */,
				3D912BE51F2F6422009757D8 /* Info.plist */,
			);
			path = "WCLive WatchKit Extension";
			sourceTree = "<group>";
		};
/* End PBXGroup section */

/* Begin PBXNativeTarget section */
		3D912BB61F2F6422009757D8 /* WCLive */ = {
			isa = PBXNativeTarget;
			buildConfigurationList = 3D912BF01F2F6422009757D8 /* Build configuration list for PBXNativeTarget "WCLive" */;
			buildPhases = (
				3D912BB31F2F6422009757D8 /* Sources */,
				3D912BB41F2F6422009757D8 /* Frameworks */,
				3D912BB51F2F6422009757D8 /* Resources */,
				3D912BEF1F2F6422009757D8 /* Embed Watch Content */,
			);
			buildRules = (
			);
			dependencies = (
				3D912BCC1F2F6422009757D8 /* PBXTargetDependency */,
			);
			name = WCLive;
			productName = WCLive;
			productReference = 3D912BB71F2F6422009757D8 /* WCLive.app */;
			productType = "com.apple.product-type.application";
		};
		3D912BC81F2F6422009757D8 /* WCLive WatchKit App */ = {
			isa = PBXNativeTarget;
			buildConfigurationList = 3D912BEC1F2F6422009757D8 /* Build configuration list for PBXNativeTarget "WCLive WatchKit App" */;
			buildPhases = (
				3D912BC71F2F6422009757D8 /* Resources */,
				3D912BEB1F2F6422009757D8 /* Embed App Extensions */,
			);
			buildRules = (
			);
			dependencies = (
				3D912BDB1F2F6422009757D8 /* PBXTargetDependency */,
			);
			name = "WCLive WatchKit App";
			productName = "WCLive WatchKit App";
			productReference = 3D912BC91F2F6422009757D8 /* WCLive WatchKit App.app */;
			productType = "com.apple.product-type.application.watchapp2";
		};
		3D912BD71F2F6422009757D8 /* WCLive WatchKit Extension */ = {
			isa = PBXNativeTarget;
			buildConfigurationList = 3D912BE81F2F6422009757D8 /* Build configuration list for PBXNativeTarget "WCLive WatchKit Extension" */;
			buildPhases = (
				3D912BD41F2F6422009757D8 /* Sources */,
				3D912BD51F2F6422009757D8 /* Frameworks */,
				3D912BD61F2F6422009757D8 /* Resources */,
			);
			buildRules = (
			);
			dependencies = (
			);
			name = "WCLive WatchKit Extension";
			productName = "WCLive WatchKit Extension";
			productReference = 3D912BD81F2F6422009757D8 /* WCLive WatchKit Extension.appex */;
			productType = "com.apple.product-type.watchkit2-extension";
		};
/* End PBXNativeTarget section */

/* Begin PBXProject section */
		3D912BAF1F2F6422009757D8 /* Project object */ = {
			isa = PBXProject;
			attributes = {
				LastSwiftUpdateCheck = 0830;
				LastUpgradeCheck = 0830;
				ORGANIZATIONNAME = "Joss Manger";
				TargetAttributes = {
					3D912BB61F2F6422009757D8 = {
						CreatedOnToolsVersion = 8.3.3;
						DevelopmentTeam = 3C42F7N9CQ;
						ProvisioningStyle = Automatic;
					};
					3D912BC81F2F6422009757D8 = {
						CreatedOnToolsVersion = 8.3.3;
						DevelopmentTeam = 3C42F7N9CQ;
						ProvisioningStyle = Automatic;
					};
					3D912BD71F2F6422009757D8 = {
						CreatedOnToolsVersion = 8.3.3;
						DevelopmentTeam = 3C42F7N9CQ;
						ProvisioningStyle = Automatic;
					};
				};
			};
			buildConfigurationList = 3D912BB21F2F6422009757D8 /* Build configuration list for PBXProject "WCLive" */;
			compatibilityVersion = "Xcode 3.2";
			developmentRegion = English;
			hasScannedForEncodings = 0;
			knownRegions = (
				en,
				Base,
			);
			mainGroup = 3D912BAE1F2F6422009757D8;
			productRefGroup = 3D912BB81F2F6422009757D8 /* Products */;
			projectDirPath = "";
			projectRoot = "";
			targets = (
				3D912BB61F2F6422009757D8 /* WCLive */,
				3D912BC81F2F6422009757D8 /* WCLive WatchKit App */,
				3D912BD71F2F6422009757D8 /* WCLive WatchKit Extension */,
			);
		};
/* End PBXProject section */

/* Begin PBXResourcesBuildPhase section */
		3D912BB51F2F6422009757D8 /* Resources */ = {
			isa = PBXResourcesBuildPhase;
			buildActionMask = 2147483647;
			files = (
				3D912BC51F2F6422009757D8 /* LaunchScreen.storyboard in Resources */,
				3D8598381F30D8B500A9BE3F /* scene.scn in Resources */,
				3D912BC21F2F6422009757D8 /* Assets.xcassets in Resources */,
				3D912BC01F2F6422009757D8 /* Main.storyboard in Resources */,
			);
			runOnlyForDeploymentPostprocessing = 0;
		};
		3D912BC71F2F6422009757D8 /* Resources */ = {
			isa = PBXResourcesBuildPhase;
			buildActionMask = 2147483647;
			files = (
				3D912BD21F2F6422009757D8 /* Assets.xcassets in Resources */,
				3D912BD01F2F6422009757D8 /* Interface.storyboard in Resources */,
			);
			runOnlyForDeploymentPostprocessing = 0;
		};
		3D912BD61F2F6422009757D8 /* Resources */ = {
			isa = PBXResourcesBuildPhase;
			buildActionMask = 2147483647;
			files = (
				3D912BE41F2F6422009757D8 /* Assets.xcassets in Resources */,
			);
			runOnlyForDeploymentPostprocessing = 0;
		};
/* End PBXResourcesBuildPhase section */

/* Begin PBXSourcesBuildPhase section */
		3D912BB31F2F6422009757D8 /* Sources */ = {
			isa = PBXSourcesBuildPhase;
			buildActionMask = 2147483647;
			files = (
				3D912BBD1F2F6422009757D8 /* ViewController.swift in Sources */,
				3D912BBB1F2F6422009757D8 /* AppDelegate.swift in Sources */,
			);
			runOnlyForDeploymentPostprocessing = 0;
		};
		3D912BD41F2F6422009757D8 /* Sources */ = {
			isa = PBXSourcesBuildPhase;
			buildActionMask = 2147483647;
			files = (
				3D912BE01F2F6422009757D8 /* ExtensionDelegate.swift in Sources */,
				3D912BDE1F2F6422009757D8 /* InterfaceController.swift in Sources */,
				3D912BE21F2F6422009757D8 /* ComplicationController.swift in Sources */,
			);
			runOnlyForDeploymentPostprocessing = 0;
		};
/* End PBXSourcesBuildPhase section */

/* Begin PBXTargetDependency section */
		3D912BCC1F2F6422009757D8 /* PBXTargetDependency */ = {
			isa = PBXTargetDependency;
			target = 3D912BC81F2F6422009757D8 /* WCLive WatchKit App */;
			targetProxy = 3D912BCB1F2F6422009757D8 /* PBXContainerItemProxy */;
		};
		3D912BDB1F2F6422009757D8 /* PBXTargetDependency */ = {
			isa = PBXTargetDependency;
			target = 3D912BD71F2F6422009757D8 /* WCLive WatchKit Extension */;
			targetProxy = 3D912BDA1F2F6422009757D8 /* PBXContainerItemProxy */;
		};
/* End PBXTargetDependency section */

/* Begin PBXVariantGroup section */
		3D912BBE1F2F6422009757D8 /* Main.storyboard */ = {
			isa = PBXVariantGroup;
			children = (
				3D912BBF1F2F6422009757D8 /* Base */,
			);
			name = Main.storyboard;
			sourceTree = "<group>";
		};
		3D912BC31F2F6422009757D8 /* LaunchScreen.storyboard */ = {
			isa = PBXVariantGroup;
			children = (
				3D912BC41F2F6422009757D8 /* Base */,
			);
			name = LaunchScreen.storyboard;
			sourceTree = "<group>";
		};
		3D912BCE1F2F6422009757D8 /* Interface.storyboard */ = {
			isa = PBXVariantGroup;
			children = (
				3D912BCF1F2F6422009757D8 /* Base */,
			);
			name = Interface.storyboard;
			sourceTree = "<group>";
		};
/* End PBXVariantGroup section */

/* Begin XCBuildConfiguration section */
		3D912BE61F2F6422009757D8 /* Debug */ = {
			isa = XCBuildConfiguration;
			buildSettings = {
				ALWAYS_SEARCH_USER_PATHS = NO;
				CLANG_ANALYZER_NONNULL = YES;
				CLANG_ANALYZER_NUMBER_OBJECT_CONVERSION = YES_AGGRESSIVE;
				CLANG_CXX_LANGUAGE_STANDARD = "gnu++0x";
				CLANG_CXX_LIBRARY = "libc++";
				CLANG_ENABLE_MODULES = YES;
				CLANG_ENABLE_OBJC_ARC = YES;
				CLANG_WARN_BOOL_CONVERSION = YES;
				CLANG_WARN_CONSTANT_CONVERSION = YES;
				CLANG_WARN_DIRECT_OBJC_ISA_USAGE = YES_ERROR;
				CLANG_WARN_DOCUMENTATION_COMMENTS = YES;
				CLANG_WARN_EMPTY_BODY = YES;
				CLANG_WARN_ENUM_CONVERSION = YES;
				CLANG_WARN_INFINITE_RECURSION = YES;
				CLANG_WARN_INT_CONVERSION = YES;
				CLANG_WARN_OBJC_ROOT_CLASS = YES_ERROR;
				CLANG_WARN_SUSPICIOUS_MOVE = YES;
				CLANG_WARN_UNREACHABLE_CODE = YES;
				CLANG_WARN__DUPLICATE_METHOD_MATCH = YES;
				"CODE_SIGN_IDENTITY[sdk=iphoneos*]" = "iPhone Developer";
				COPY_PHASE_STRIP = NO;
				DEBUG_INFORMATION_FORMAT = dwarf;
				ENABLE_STRICT_OBJC_MSGSEND = YES;
				ENABLE_TESTABILITY = YES;
				GCC_C_LANGUAGE_STANDARD = gnu99;
				GCC_DYNAMIC_NO_PIC = NO;
				GCC_NO_COMMON_BLOCKS = YES;
				GCC_OPTIMIZATION_LEVEL = 0;
				GCC_PREPROCESSOR_DEFINITIONS = (
					"DEBUG=1",
					"$(inherited)",
				);
				GCC_WARN_64_TO_32_BIT_CONVERSION = YES;
				GCC_WARN_ABOUT_RETURN_TYPE = YES_ERROR;
				GCC_WARN_UNDECLARED_SELECTOR = YES;
				GCC_WARN_UNINITIALIZED_AUTOS = YES_AGGRESSIVE;
				GCC_WARN_UNUSED_FUNCTION = YES;
				GCC_WARN_UNUSED_VARIABLE = YES;
				IPHONEOS_DEPLOYMENT_TARGET = 10.3;
				MTL_ENABLE_DEBUG_INFO = YES;
				ONLY_ACTIVE_ARCH = YES;
				SDKROOT = iphoneos;
				SWIFT_ACTIVE_COMPILATION_CONDITIONS = DEBUG;
				SWIFT_OPTIMIZATION_LEVEL = "-Onone";
				TARGETED_DEVICE_FAMILY = "1,2";
			};
			name = Debug;
		};
		3D912BE71F2F6422009757D8 /* Release */ = {
			isa = XCBuildConfiguration;
			buildSettings = {
				ALWAYS_SEARCH_USER_PATHS = NO;
				CLANG_ANALYZER_NONNULL = YES;
				CLANG_ANALYZER_NUMBER_OBJECT_CONVERSION = YES_AGGRESSIVE;
				CLANG_CXX_LANGUAGE_STANDARD = "gnu++0x";
				CLANG_CXX_LIBRARY = "libc++";
				CLANG_ENABLE_MODULES = YES;
				CLANG_ENABLE_OBJC_ARC = YES;
				CLANG_WARN_BOOL_CONVERSION = YES;
				CLANG_WARN_CONSTANT_CONVERSION = YES;
				CLANG_WARN_DIRECT_OBJC_ISA_USAGE = YES_ERROR;
				CLANG_WARN_DOCUMENTATION_COMMENTS = YES;
				CLANG_WARN_EMPTY_BODY = YES;
				CLANG_WARN_ENUM_CONVERSION = YES;
				CLANG_WARN_INFINITE_RECURSION = YES;
				CLANG_WARN_INT_CONVERSION = YES;
				CLANG_WARN_OBJC_ROOT_CLASS = YES_ERROR;
				CLANG_WARN_SUSPICIOUS_MOVE = YES;
				CLANG_WARN_UNREACHABLE_CODE = YES;
				CLANG_WARN__DUPLICATE_METHOD_MATCH = YES;
				"CODE_SIGN_IDENTITY[sdk=iphoneos*]" = "iPhone Developer";
				COPY_PHASE_STRIP = NO;
				DEBUG_INFORMATION_FORMAT = "dwarf-with-dsym";
				ENABLE_NS_ASSERTIONS = NO;
				ENABLE_STRICT_OBJC_MSGSEND = YES;
				GCC_C_LANGUAGE_STANDARD = gnu99;
				GCC_NO_COMMON_BLOCKS = YES;
				GCC_WARN_64_TO_32_BIT_CONVERSION = YES;
				GCC_WARN_ABOUT_RETURN_TYPE = YES_ERROR;
				GCC_WARN_UNDECLARED_SELECTOR = YES;
				GCC_WARN_UNINITIALIZED_AUTOS = YES_AGGRESSIVE;
				GCC_WARN_UNUSED_FUNCTION = YES;
				GCC_WARN_UNUSED_VARIABLE = YES;
				IPHONEOS_DEPLOYMENT_TARGET = 10.3;
				MTL_ENABLE_DEBUG_INFO = NO;
				SDKROOT = iphoneos;
				SWIFT_OPTIMIZATION_LEVEL = "-Owholemodule";
				TARGETED_DEVICE_FAMILY = "1,2";
				VALIDATE_PRODUCT = YES;
			};
			name = Release;
		};
		3D912BE91F2F6422009757D8 /* Debug */ = {
			isa = XCBuildConfiguration;
			buildSettings = {
				ASSETCATALOG_COMPILER_COMPLICATION_NAME = Complication;
				DEVELOPMENT_TEAM = 3C42F7N9CQ;
				INFOPLIST_FILE = "WCLive WatchKit Extension/Info.plist";
				LD_RUNPATH_SEARCH_PATHS = "$(inherited) @executable_path/Frameworks @executable_path/../../Frameworks";
				PRODUCT_BUNDLE_IDENTIFIER = com.jossy.WCLive.watchkitapp.watchkitextension;
				PRODUCT_NAME = "${TARGET_NAME}";
				SDKROOT = watchos;
				SKIP_INSTALL = YES;
				SWIFT_VERSION = 3.0;
				TARGETED_DEVICE_FAMILY = 4;
				WATCHOS_DEPLOYMENT_TARGET = 3.2;
			};
			name = Debug;
		};
		3D912BEA1F2F6422009757D8 /* Release */ = {
			isa = XCBuildConfiguration;
			buildSettings = {
				ASSETCATALOG_COMPILER_COMPLICATION_NAME = Complication;
				DEVELOPMENT_TEAM = 3C42F7N9CQ;
				INFOPLIST_FILE = "WCLive WatchKit Extension/Info.plist";
				LD_RUNPATH_SEARCH_PATHS = "$(inherited) @executable_path/Frameworks @executable_path/../../Frameworks";
				PRODUCT_BUNDLE_IDENTIFIER = com.jossy.WCLive.watchkitapp.watchkitextension;
				PRODUCT_NAME = "${TARGET_NAME}";
				SDKROOT = watchos;
				SKIP_INSTALL = YES;
				SWIFT_VERSION = 3.0;
				TARGETED_DEVICE_FAMILY = 4;
				WATCHOS_DEPLOYMENT_TARGET = 3.2;
			};
			name = Release;
		};
		3D912BED1F2F6422009757D8 /* Debug */ = {
			isa = XCBuildConfiguration;
			buildSettings = {
				ALWAYS_EMBED_SWIFT_STANDARD_LIBRARIES = YES;
				ASSETCATALOG_COMPILER_APPICON_NAME = AppIcon;
				DEVELOPMENT_TEAM = 3C42F7N9CQ;
				IBSC_MODULE = WCLive_WatchKit_Extension;
				INFOPLIST_FILE = "WCLive WatchKit App/Info.plist";
				PRODUCT_BUNDLE_IDENTIFIER = com.jossy.WCLive.watchkitapp;
				PRODUCT_NAME = "$(TARGET_NAME)";
				SDKROOT = watchos;
				SKIP_INSTALL = YES;
				SWIFT_VERSION = 3.0;
				TARGETED_DEVICE_FAMILY = 4;
				WATCHOS_DEPLOYMENT_TARGET = 3.2;
			};
			name = Debug;
		};
		3D912BEE1F2F6422009757D8 /* Release */ = {
			isa = XCBuildConfiguration;
			buildSettings = {
				ALWAYS_EMBED_SWIFT_STANDARD_LIBRARIES = YES;
				ASSETCATALOG_COMPILER_APPICON_NAME = AppIcon;
				DEVELOPMENT_TEAM = 3C42F7N9CQ;
				IBSC_MODULE = WCLive_WatchKit_Extension;
				INFOPLIST_FILE = "WCLive WatchKit App/Info.plist";
				PRODUCT_BUNDLE_IDENTIFIER = com.jossy.WCLive.watchkitapp;
				PRODUCT_NAME = "$(TARGET_NAME)";
				SDKROOT = watchos;
				SKIP_INSTALL = YES;
				SWIFT_VERSION = 3.0;
				TARGETED_DEVICE_FAMILY = 4;
				WATCHOS_DEPLOYMENT_TARGET = 3.2;
			};
			name = Release;
		};
		3D912BF11F2F6422009757D8 /* Debug */ = {
			isa = XCBuildConfiguration;
			buildSettings = {
				ASSETCATALOG_COMPILER_APPICON_NAME = AppIcon;
				DEVELOPMENT_TEAM = 3C42F7N9CQ;
				INFOPLIST_FILE = WCLive/Info.plist;
				LD_RUNPATH_SEARCH_PATHS = "$(inherited) @executable_path/Frameworks";
				PRODUCT_BUNDLE_IDENTIFIER = com.jossy.WCLive;
				PRODUCT_NAME = "$(TARGET_NAME)";
				SWIFT_VERSION = 3.0;
			};
			name = Debug;
		};
		3D912BF21F2F6422009757D8 /* Release */ = {
			isa = XCBuildConfiguration;
			buildSettings = {
				ASSETCATALOG_COMPILER_APPICON_NAME = AppIcon;
				DEVELOPMENT_TEAM = 3C42F7N9CQ;
				INFOPLIST_FILE = WCLive/Info.plist;
				LD_RUNPATH_SEARCH_PATHS = "$(inherited) @executable_path/Frameworks";
				PRODUCT_BUNDLE_IDENTIFIER = com.jossy.WCLive;
				PRODUCT_NAME = "$(TARGET_NAME)";
				SWIFT_VERSION = 3.0;
			};
			name = Release;
		};
/* End XCBuildConfiguration section */

/* Begin XCConfigurationList section */
		3D912BB21F2F6422009757D8 /* Build configuration list for PBXProject "WCLive" */ = {
			isa = XCConfigurationList;
			buildConfigurations = (
				3D912BE61F2F6422009757D8 /* Debug */,
				3D912BE71F2F6422009757D8 /* Release */,
			);
			defaultConfigurationIsVisible = 0;
			defaultConfigurationName = Release;
		};
		3D912BE81F2F6422009757D8 /* Build configuration list for PBXNativeTarget "WCLive WatchKit Extension" */ = {
			isa = XCConfigurationList;
			buildConfigurations = (
				3D912BE91F2F6422009757D8 /* Debug */,
				3D912BEA1F2F6422009757D8 /* Release */,
			);
			defaultConfigurationIsVisible = 0;
			defaultConfigurationName = Release;
		};
		3D912BEC1F2F6422009757D8 /* Build configuration list for PBXNativeTarget "WCLive WatchKit App" */ = {
			isa = XCConfigurationList;
			buildConfigurations = (
				3D912BED1F2F6422009757D8 /* Debug */,
				3D912BEE1F2F6422009757D8 /* Release */,
			);
			defaultConfigurationIsVisible = 0;
			defaultConfigurationName = Release;
		};
		3D912BF01F2F6422009757D8 /* Build configuration list for PBXNativeTarget "WCLive" */ = {
			isa = XCConfigurationList;
			buildConfigurations = (
				3D912BF11F2F6422009757D8 /* Debug */,
				3D912BF21F2F6422009757D8 /* Release */,
			);
			defaultConfigurationIsVisible = 0;
			defaultConfigurationName = Release;
		};
/* End XCConfigurationList section */
	};
	rootObject = 3D912BAF1F2F6422009757D8 /* Project object */;
}
